
Microsoft Visual Studio Solution File, Format Version 12.00
# Visual Studio Version 17
VisualStudioVersion = 17.9.34728.123
MinimumVisualStudioVersion = 10.0.40219.1
Project("{FAE04EC0-301F-11D3-BF4B-00C04F79EFBC}") = "ConsoleApp", "ConsoleApp\ConsoleApp.csproj", "{4C5A2DE8-BB81-43EB-90E3-2A6FC71BAE43}"
EndProject
Project("{FAE04EC0-301F-11D3-BF4B-00C04F79EFBC}") = "Models", "Models\Models.csproj", "{9801573C-33F1-43C6-AC19-99DF4E9EDF0C}"
EndProject
Project("{FAE04EC0-301F-11D3-BF4B-00C04F79EFBC}") = "Inheritance", "Inheritance\Inheritance.csproj", "{7C08AF32-A27D-4F7D-80AE-7429C53C2860}"
EndProject
Global
	GlobalSection(SolutionConfigurationPlatforms) = preSolution
		Debug|Any CPU = Debug|Any CPU
		Release|Any CPU = Release|Any CPU
	EndGlobalSection
	GlobalSection(ProjectConfigurationPlatforms) = postSolution
		{4C5A2DE8-BB81-43EB-90E3-2A6FC71BAE43}.Debug|Any CPU.ActiveCfg = Debug|Any CPU
		{4C5A2DE8-BB81-43EB-90E3-2A6FC71BAE43}.Debug|Any CPU.Build.0 = Debug|Any CPU
		{4C5A2DE8-BB81-43EB-90E3-2A6FC71BAE43}.Release|Any CPU.ActiveCfg = Release|Any CPU
		{4C5A2DE8-BB81-43EB-90E3-2A6FC71BAE43}.Release|Any CPU.Build.0 = Release|Any CPU
		{9801573C-33F1-43C6-AC19-99DF4E9EDF0C}.Debug|Any CPU.ActiveCfg = Debug|Any CPU
		{9801573C-33F1-43C6-AC19-99DF4E9EDF0C}.Debug|Any CPU.Build.0 = Debug|Any CPU
		{9801573C-33F1-43C6-AC19-99DF4E9EDF0C}.Release|Any CPU.ActiveCfg = Release|Any CPU
		{9801573C-33F1-43C6-AC19-99DF4E9EDF0C}.Release|Any CPU.Build.0 = Release|Any CPU
		{7C08AF32-A27D-4F7D-80AE-7429C53C2860}.Debug|Any CPU.ActiveCfg = Debug|Any CPU
		{7C08AF32-A27D-4F7D-80AE-7429C53C2860}.Debug|Any CPU.Build.0 = Debug|Any CPU
		{7C08AF32-A27D-4F7D-80AE-7429C53C2860}.Release|Any CPU.ActiveCfg = Release|Any CPU
		{7C08AF32-A27D-4F7D-80AE-7429C53C2860}.Release|Any CPU.Build.0 = Release|Any CPU
	EndGlobalSection
	GlobalSection(SolutionProperties) = preSolution
		HideSolutionNode = FALSE
	EndGlobalSection
	GlobalSection(ExtensibilityGlobals) = postSolution
		SolutionGuid = {CEB4E2F0-5C1E-40A8-9A22-C94B0C80F4F3}
	EndGlobalSection
EndGlobal
